
Microsoft Visual Studio Solution File, Format Version 12.00
# Visual Studio Version 17
VisualStudioVersion = 17.14.36414.22 d17.14
MinimumVisualStudioVersion = 10.0.40219.1
Project("{FAE04EC0-301F-11D3-BF4B-00C04F79EFBC}") = "BioFXAPI", "BioFXAPI\BioFXAPI.csproj", "{1C47A8D9-43A9-45F2-BC86-DCBFEC64E4C5}"
EndProject
Global
	GlobalSection(SolutionConfigurationPlatforms) = preSolution
		Debug|Any CPU = Debug|Any CPU
		Release|Any CPU = Release|Any CPU
	EndGlobalSection
	GlobalSection(ProjectConfigurationPlatforms) = postSolution
		{1C47A8D9-43A9-45F2-BC86-DCBFEC64E4C5}.Debug|Any CPU.ActiveCfg = Debug|Any CPU
		{1C47A8D9-43A9-45F2-BC86-DCBFEC64E4C5}.Debug|Any CPU.Build.0 = Debug|Any CPU
		{1C47A8D9-43A9-45F2-BC86-DCBFEC64E4C5}.Release|Any CPU.ActiveCfg = Release|Any CPU
		{1C47A8D9-43A9-45F2-BC86-DCBFEC64E4C5}.Release|Any CPU.Build.0 = Release|Any CPU
	EndGlobalSection
	GlobalSection(SolutionProperties) = preSolution
		HideSolutionNode = FALSE
	EndGlobalSection
	GlobalSection(ExtensibilityGlobals) = postSolution
		SolutionGuid = {2FA7CBAC-9BA8-4C87-8904-2C863B364361}
	EndGlobalSection
EndGlobal
